
Microsoft Visual Studio Solution File, Format Version 12.00
# Visual Studio Version 16
VisualStudioVersion = 16.0.29009.5
MinimumVisualStudioVersion = 10.0.40219.1
Project("{9A19103F-16F7-4668-BE54-9A1E7A4F7556}") = "FoodRaterApi", "FoodRaterApi\FoodRaterApi.csproj", "{1E7E1709-6CF4-43B6-948D-2190EFA9264D}"
EndProject
Project("{FAE04EC0-301F-11D3-BF4B-00C04F79EFBC}") = "FoodRaterApiTests", "FoodRaterApiTests\FoodRaterApiTests.csproj", "{AB92405E-5DAE-42CD-9A7B-2F5616C27481}"
EndProject
Global
	GlobalSection(SolutionConfigurationPlatforms) = preSolution
		Debug|Any CPU = Debug|Any CPU
		Release|Any CPU = Release|Any CPU
	EndGlobalSection
	GlobalSection(ProjectConfigurationPlatforms) = postSolution
		{1E7E1709-6CF4-43B6-948D-2190EFA9264D}.Debug|Any CPU.ActiveCfg = Debug|Any CPU
		{1E7E1709-6CF4-43B6-948D-2190EFA9264D}.Debug|Any CPU.Build.0 = Debug|Any CPU
		{1E7E1709-6CF4-43B6-948D-2190EFA9264D}.Release|Any CPU.ActiveCfg = Release|Any CPU
		{1E7E1709-6CF4-43B6-948D-2190EFA9264D}.Release|Any CPU.Build.0 = Release|Any CPU
		{AB92405E-5DAE-42CD-9A7B-2F5616C27481}.Debug|Any CPU.ActiveCfg = Debug|Any CPU
		{AB92405E-5DAE-42CD-9A7B-2F5616C27481}.Debug|Any CPU.Build.0 = Debug|Any CPU
		{AB92405E-5DAE-42CD-9A7B-2F5616C27481}.Release|Any CPU.ActiveCfg = Release|Any CPU
		{AB92405E-5DAE-42CD-9A7B-2F5616C27481}.Release|Any CPU.Build.0 = Release|Any CPU
	EndGlobalSection
	GlobalSection(SolutionProperties) = preSolution
		HideSolutionNode = FALSE
	EndGlobalSection
	GlobalSection(ExtensibilityGlobals) = postSolution
		SolutionGuid = {8AE3DF93-17EE-4894-B3CA-4361AEE967B8}
	EndGlobalSection
EndGlobal
